
Microsoft Visual Studio Solution File, Format Version 12.00
# Visual Studio Version 16
VisualStudioVersion = 16.0.30804.86
MinimumVisualStudioVersion = 10.0.40219.1
Project("{FAE04EC0-301F-11D3-BF4B-00C04F79EFBC}") = "WinProject", "WinProject\WinProject.csproj", "{73160AA0-26C8-4794-9122-E5C12C3F2509}"
EndProject
Global
	GlobalSection(SolutionConfigurationPlatforms) = preSolution
		Debug|Any CPU = Debug|Any CPU
		Release|Any CPU = Release|Any CPU
	EndGlobalSection
	GlobalSection(ProjectConfigurationPlatforms) = postSolution
		{73160AA0-26C8-4794-9122-E5C12C3F2509}.Debug|Any CPU.ActiveCfg = Debug|Any CPU
		{73160AA0-26C8-4794-9122-E5C12C3F2509}.Debug|Any CPU.Build.0 = Debug|Any CPU
		{73160AA0-26C8-4794-9122-E5C12C3F2509}.Release|Any CPU.ActiveCfg = Release|Any CPU
		{73160AA0-26C8-4794-9122-E5C12C3F2509}.Release|Any CPU.Build.0 = Release|Any CPU
	EndGlobalSection
	GlobalSection(SolutionProperties) = preSolution
		HideSolutionNode = FALSE
	EndGlobalSection
	GlobalSection(ExtensibilityGlobals) = postSolution
		SolutionGuid = {FAA1D881-4511-4862-8FC9-59A114410A18}
	EndGlobalSection
EndGlobal
